
Microsoft Visual Studio Solution File, Format Version 12.00
# Visual Studio Version 17
VisualStudioVersion = 17.5.33502.453
MinimumVisualStudioVersion = 10.0.40219.1
Project("{FAE04EC0-301F-11D3-BF4B-00C04F79EFBC}") = "WebApiAutores", "WebApiAutores\WebApiAutores.csproj", "{42D2D840-3966-45A7-AC7D-4EDF8BBAA282}"
EndProject
Global
	GlobalSection(SolutionConfigurationPlatforms) = preSolution
		Debug|Any CPU = Debug|Any CPU
		Release|Any CPU = Release|Any CPU
	EndGlobalSection
	GlobalSection(ProjectConfigurationPlatforms) = postSolution
		{42D2D840-3966-45A7-AC7D-4EDF8BBAA282}.Debug|Any CPU.ActiveCfg = Debug|Any CPU
		{42D2D840-3966-45A7-AC7D-4EDF8BBAA282}.Debug|Any CPU.Build.0 = Debug|Any CPU
		{42D2D840-3966-45A7-AC7D-4EDF8BBAA282}.Release|Any CPU.ActiveCfg = Release|Any CPU
		{42D2D840-3966-45A7-AC7D-4EDF8BBAA282}.Release|Any CPU.Build.0 = Release|Any CPU
	EndGlobalSection
	GlobalSection(SolutionProperties) = preSolution
		HideSolutionNode = FALSE
	EndGlobalSection
	GlobalSection(ExtensibilityGlobals) = postSolution
		SolutionGuid = {ED9C84A9-5093-4E54-9058-96934C7242E1}
	EndGlobalSection
EndGlobal
